
Microsoft Visual Studio Solution File, Format Version 12.00
# Visual Studio Version 17
VisualStudioVersion = 17.6.33712.159
MinimumVisualStudioVersion = 10.0.40219.1
Project("{2150E333-8FDC-42A3-9474-1A3956D46DE8}") = "ITMO.124-28.Cpp.Lesson01", "ITMO.124-28.Cpp.Lesson01", "{AFA82F7F-04DC-45AB-A7BB-285C9CE4FB23}"
EndProject
Project("{8BC9CEB8-8B4A-11D0-8D11-00A0C91BC942}") = "ITMO.124-28.Cpp.Lesson01.Exercise01", "ITMO.124-28.Cpp.Lesson01\ITMO.124-28.Cpp.Lesson01.Exercise01\ITMO.124-28.Cpp.Lesson01.Exercise01.vcxproj", "{A02A8D3B-DC9C-487A-8E51-7445B59F6BEF}"
EndProject
Project("{2150E333-8FDC-42A3-9474-1A3956D46DE8}") = "ITMO.124-28.Cpp.Lesson02", "ITMO.124-28.Cpp.Lesson02", "{099C9060-AAD7-4AF0-94CF-7F6E33B633A3}"
EndProject
Project("{8BC9CEB8-8B4A-11D0-8D11-00A0C91BC942}") = "ITMO.124-28.Cpp.Lesson02.Exercise01", "ITMO.124-28.Cpp.Lesson02\ITMO.124-28.Cpp.Lesson02.Exercise01\ITMO.124-28.Cpp.Lesson02.Exercise01.vcxproj", "{970ACC20-A051-4CE5-8F59-7AD7D6962B5E}"
EndProject
Project("{8BC9CEB8-8B4A-11D0-8D11-00A0C91BC942}") = "ITMO.124-28.Cpp.Lesson02.Exercise02", "ITMO.124-28.Cpp.Lesson02\ITMO.124-28.Cpp.Lesson02.Exercise02\ITMO.124-28.Cpp.Lesson02.Exercise02.vcxproj", "{50C63267-CE7F-431F-A8C6-830DDCA0BC78}"
EndProject
Project("{8BC9CEB8-8B4A-11D0-8D11-00A0C91BC942}") = "ITMO.124-28.Cpp.Lesson02.Exercise03", "ITMO.124-28.Cpp.Lesson02\ITMO.124-28.Cpp.Lesson02.Exercise03\ITMO.124-28.Cpp.Lesson02.Exercise03.vcxproj", "{4E484995-667C-43E8-BA50-125222F7B159}"
EndProject
Global
	GlobalSection(SolutionConfigurationPlatforms) = preSolution
		Debug|x64 = Debug|x64
		Debug|x86 = Debug|x86
		Release|x64 = Release|x64
		Release|x86 = Release|x86
	EndGlobalSection
	GlobalSection(ProjectConfigurationPlatforms) = postSolution
		{A02A8D3B-DC9C-487A-8E51-7445B59F6BEF}.Debug|x64.ActiveCfg = Debug|x64
		{A02A8D3B-DC9C-487A-8E51-7445B59F6BEF}.Debug|x64.Build.0 = Debug|x64
		{A02A8D3B-DC9C-487A-8E51-7445B59F6BEF}.Debug|x86.ActiveCfg = Debug|Win32
		{A02A8D3B-DC9C-487A-8E51-7445B59F6BEF}.Debug|x86.Build.0 = Debug|Win32
		{A02A8D3B-DC9C-487A-8E51-7445B59F6BEF}.Release|x64.ActiveCfg = Release|x64
		{A02A8D3B-DC9C-487A-8E51-7445B59F6BEF}.Release|x64.Build.0 = Release|x64
		{A02A8D3B-DC9C-487A-8E51-7445B59F6BEF}.Release|x86.ActiveCfg = Release|Win32
		{A02A8D3B-DC9C-487A-8E51-7445B59F6BEF}.Release|x86.Build.0 = Release|Win32
		{970ACC20-A051-4CE5-8F59-7AD7D6962B5E}.Debug|x64.ActiveCfg = Debug|x64
		{970ACC20-A051-4CE5-8F59-7AD7D6962B5E}.Debug|x64.Build.0 = Debug|x64
		{970ACC20-A051-4CE5-8F59-7AD7D6962B5E}.Debug|x86.ActiveCfg = Debug|Win32
		{970ACC20-A051-4CE5-8F59-7AD7D6962B5E}.Debug|x86.Build.0 = Debug|Win32
		{970ACC20-A051-4CE5-8F59-7AD7D6962B5E}.Release|x64.ActiveCfg = Release|x64
		{970ACC20-A051-4CE5-8F59-7AD7D6962B5E}.Release|x64.Build.0 = Release|x64
		{970ACC20-A051-4CE5-8F59-7AD7D6962B5E}.Release|x86.ActiveCfg = Release|Win32
		{970ACC20-A051-4CE5-8F59-7AD7D6962B5E}.Release|x86.Build.0 = Release|Win32
		{50C63267-CE7F-431F-A8C6-830DDCA0BC78}.Debug|x64.ActiveCfg = Debug|x64
		{50C63267-CE7F-431F-A8C6-830DDCA0BC78}.Debug|x64.Build.0 = Debug|x64
		{50C63267-CE7F-431F-A8C6-830DDCA0BC78}.Debug|x86.ActiveCfg = Debug|Win32
		{50C63267-CE7F-431F-A8C6-830DDCA0BC78}.Debug|x86.Build.0 = Debug|Win32
		{50C63267-CE7F-431F-A8C6-830DDCA0BC78}.Release|x64.ActiveCfg = Release|x64
		{50C63267-CE7F-431F-A8C6-830DDCA0BC78}.Release|x64.Build.0 = Release|x64
		{50C63267-CE7F-431F-A8C6-830DDCA0BC78}.Release|x86.ActiveCfg = Release|Win32
		{50C63267-CE7F-431F-A8C6-830DDCA0BC78}.Release|x86.Build.0 = Release|Win32
		{4E484995-667C-43E8-BA50-125222F7B159}.Debug|x64.ActiveCfg = Debug|x64
		{4E484995-667C-43E8-BA50-125222F7B159}.Debug|x64.Build.0 = Debug|x64
		{4E484995-667C-43E8-BA50-125222F7B159}.Debug|x86.ActiveCfg = Debug|Win32
		{4E484995-667C-43E8-BA50-125222F7B159}.Debug|x86.Build.0 = Debug|Win32
		{4E484995-667C-43E8-BA50-125222F7B159}.Release|x64.ActiveCfg = Release|x64
		{4E484995-667C-43E8-BA50-125222F7B159}.Release|x64.Build.0 = Release|x64
		{4E484995-667C-43E8-BA50-125222F7B159}.Release|x86.ActiveCfg = Release|Win32
		{4E484995-667C-43E8-BA50-125222F7B159}.Release|x86.Build.0 = Release|Win32
	EndGlobalSection
	GlobalSection(SolutionProperties) = preSolution
		HideSolutionNode = FALSE
	EndGlobalSection
	GlobalSection(NestedProjects) = preSolution
		{A02A8D3B-DC9C-487A-8E51-7445B59F6BEF} = {AFA82F7F-04DC-45AB-A7BB-285C9CE4FB23}
		{970ACC20-A051-4CE5-8F59-7AD7D6962B5E} = {099C9060-AAD7-4AF0-94CF-7F6E33B633A3}
		{50C63267-CE7F-431F-A8C6-830DDCA0BC78} = {099C9060-AAD7-4AF0-94CF-7F6E33B633A3}
		{4E484995-667C-43E8-BA50-125222F7B159} = {099C9060-AAD7-4AF0-94CF-7F6E33B633A3}
	EndGlobalSection
	GlobalSection(ExtensibilityGlobals) = postSolution
		SolutionGuid = {A74A08AA-E043-4482-85C8-B5AA09B6E0A9}
	EndGlobalSection
EndGlobal
