
Microsoft Visual Studio Solution File, Format Version 12.00
# Visual Studio Version 17
VisualStudioVersion = 17.6.33712.159
MinimumVisualStudioVersion = 10.0.40219.1
Project("{2150E333-8FDC-42A3-9474-1A3956D46DE8}") = "ITMO.124-28.Cpp.Lesson01", "ITMO.124-28.Cpp.Lesson01", "{AFA82F7F-04DC-45AB-A7BB-285C9CE4FB23}"
EndProject
Project("{8BC9CEB8-8B4A-11D0-8D11-00A0C91BC942}") = "ITMO.124-28.Cpp.Lesson01.Exercise01", "ITMO.124-28.Cpp.Lesson01\ITMO.124-28.Cpp.Lesson01.Exercise01\ITMO.124-28.Cpp.Lesson01.Exercise01.vcxproj", "{A02A8D3B-DC9C-487A-8E51-7445B59F6BEF}"
EndProject
Project("{2150E333-8FDC-42A3-9474-1A3956D46DE8}") = "ITMO.124-28.Cpp.Lesson02", "ITMO.124-28.Cpp.Lesson02", "{099C9060-AAD7-4AF0-94CF-7F6E33B633A3}"
EndProject
Project("{8BC9CEB8-8B4A-11D0-8D11-00A0C91BC942}") = "ITMO.124-28.Cpp.Lesson02.Exercise01", "ITMO.124-28.Cpp.Lesson02\ITMO.124-28.Cpp.Lesson02.Exercise01\ITMO.124-28.Cpp.Lesson02.Exercise01.vcxproj", "{970ACC20-A051-4CE5-8F59-7AD7D6962B5E}"
EndProject
Project("{8BC9CEB8-8B4A-11D0-8D11-00A0C91BC942}") = "ITMO.124-28.Cpp.Lesson02.Exercise02", "ITMO.124-28.Cpp.Lesson02\ITMO.124-28.Cpp.Lesson02.Exercise02\ITMO.124-28.Cpp.Lesson02.Exercise02.vcxproj", "{50C63267-CE7F-431F-A8C6-830DDCA0BC78}"
EndProject
Project("{8BC9CEB8-8B4A-11D0-8D11-00A0C91BC942}") = "ITMO.124-28.Cpp.Lesson02.Exercise03", "ITMO.124-28.Cpp.Lesson02\ITMO.124-28.Cpp.Lesson02.Exercise03\ITMO.124-28.Cpp.Lesson02.Exercise03.vcxproj", "{4E484995-667C-43E8-BA50-125222F7B159}"
EndProject
Project("{8BC9CEB8-8B4A-11D0-8D11-00A0C91BC942}") = "ITMO.124-28.Cpp.Lesson02.Exercise04", "ITMO.124-28.Cpp.Lesson02\ITMO.124-28.Cpp.Lesson02.Exercise04\ITMO.124-28.Cpp.Lesson02.Exercise04.vcxproj", "{78D44A80-D9FB-4C8E-B1A2-20231269D8F1}"
EndProject
Project("{2150E333-8FDC-42A3-9474-1A3956D46DE8}") = "ITMO.124-28.Cpp.Lesson03", "ITMO.124-28.Cpp.Lesson03", "{2FB29CF4-8205-42EE-A01E-03F7A7E74A15}"
EndProject
Project("{8BC9CEB8-8B4A-11D0-8D11-00A0C91BC942}") = "ITMO.124-28.Cpp.Lesson03.Exercise01", "ITMO.124-28.Cpp.Lesson03\ITMO.124-28.Cpp.Lesson03.Exercise01\ITMO.124-28.Cpp.Lesson03.Exercise01.vcxproj", "{A8766DAC-232B-464B-A5BA-C096F43C5083}"
EndProject
Project("{8BC9CEB8-8B4A-11D0-8D11-00A0C91BC942}") = "ITMO.124-28.Cpp.Lesson03.Exercise02", "ITMO.124-28.Cpp.Lesson03\ITMO.124-28.Cpp.Lesson03.Exercise02\ITMO.124-28.Cpp.Lesson03.Exercise02.vcxproj", "{B7EB655F-23D9-4A5F-998F-EE9F2A73F61D}"
EndProject
Project("{8BC9CEB8-8B4A-11D0-8D11-00A0C91BC942}") = "ITMO.124-28.Cpp.Lesson03.Exercise03", "ITMO.124-28.Cpp.Lesson03\ITMO.124-28.Cpp.Lesson03.Exercise03\ITMO.124-28.Cpp.Lesson03.Exercise03.vcxproj", "{BC6D1852-BF2B-44EA-BD6B-FEC93888FD0A}"
EndProject
Project("{8BC9CEB8-8B4A-11D0-8D11-00A0C91BC942}") = "ITMO.124-28.Cpp.Lesson03.Exercise04", "ITMO.124-28.Cpp.Lesson03\ITMO.124-28.Cpp.Lesson03.Exercise04\ITMO.124-28.Cpp.Lesson03.Exercise04.vcxproj", "{ACB6FF4C-1B3E-4460-8C8A-0F2C4FF4049D}"
EndProject
Project("{8BC9CEB8-8B4A-11D0-8D11-00A0C91BC942}") = "ITMO.124-28.Cpp.Lesson03.Exercise05", "ITMO.124-28.Cpp.Lesson03\ITMO.124-28.Cpp.Lesson03.Exercise05\ITMO.124-28.Cpp.Lesson03.Exercise05.vcxproj", "{1A8D6508-4D68-4810-A7A2-68F4621A22EC}"
EndProject
Global
	GlobalSection(SolutionConfigurationPlatforms) = preSolution
		Debug|x64 = Debug|x64
		Debug|x86 = Debug|x86
		Release|x64 = Release|x64
		Release|x86 = Release|x86
	EndGlobalSection
	GlobalSection(ProjectConfigurationPlatforms) = postSolution
		{A02A8D3B-DC9C-487A-8E51-7445B59F6BEF}.Debug|x64.ActiveCfg = Debug|x64
		{A02A8D3B-DC9C-487A-8E51-7445B59F6BEF}.Debug|x64.Build.0 = Debug|x64
		{A02A8D3B-DC9C-487A-8E51-7445B59F6BEF}.Debug|x86.ActiveCfg = Debug|Win32
		{A02A8D3B-DC9C-487A-8E51-7445B59F6BEF}.Debug|x86.Build.0 = Debug|Win32
		{A02A8D3B-DC9C-487A-8E51-7445B59F6BEF}.Release|x64.ActiveCfg = Release|x64
		{A02A8D3B-DC9C-487A-8E51-7445B59F6BEF}.Release|x64.Build.0 = Release|x64
		{A02A8D3B-DC9C-487A-8E51-7445B59F6BEF}.Release|x86.ActiveCfg = Release|Win32
		{A02A8D3B-DC9C-487A-8E51-7445B59F6BEF}.Release|x86.Build.0 = Release|Win32
		{970ACC20-A051-4CE5-8F59-7AD7D6962B5E}.Debug|x64.ActiveCfg = Debug|x64
		{970ACC20-A051-4CE5-8F59-7AD7D6962B5E}.Debug|x64.Build.0 = Debug|x64
		{970ACC20-A051-4CE5-8F59-7AD7D6962B5E}.Debug|x86.ActiveCfg = Debug|Win32
		{970ACC20-A051-4CE5-8F59-7AD7D6962B5E}.Debug|x86.Build.0 = Debug|Win32
		{970ACC20-A051-4CE5-8F59-7AD7D6962B5E}.Release|x64.ActiveCfg = Release|x64
		{970ACC20-A051-4CE5-8F59-7AD7D6962B5E}.Release|x64.Build.0 = Release|x64
		{970ACC20-A051-4CE5-8F59-7AD7D6962B5E}.Release|x86.ActiveCfg = Release|Win32
		{970ACC20-A051-4CE5-8F59-7AD7D6962B5E}.Release|x86.Build.0 = Release|Win32
		{50C63267-CE7F-431F-A8C6-830DDCA0BC78}.Debug|x64.ActiveCfg = Debug|x64
		{50C63267-CE7F-431F-A8C6-830DDCA0BC78}.Debug|x64.Build.0 = Debug|x64
		{50C63267-CE7F-431F-A8C6-830DDCA0BC78}.Debug|x86.ActiveCfg = Debug|Win32
		{50C63267-CE7F-431F-A8C6-830DDCA0BC78}.Debug|x86.Build.0 = Debug|Win32
		{50C63267-CE7F-431F-A8C6-830DDCA0BC78}.Release|x64.ActiveCfg = Release|x64
		{50C63267-CE7F-431F-A8C6-830DDCA0BC78}.Release|x64.Build.0 = Release|x64
		{50C63267-CE7F-431F-A8C6-830DDCA0BC78}.Release|x86.ActiveCfg = Release|Win32
		{50C63267-CE7F-431F-A8C6-830DDCA0BC78}.Release|x86.Build.0 = Release|Win32
		{4E484995-667C-43E8-BA50-125222F7B159}.Debug|x64.ActiveCfg = Debug|x64
		{4E484995-667C-43E8-BA50-125222F7B159}.Debug|x64.Build.0 = Debug|x64
		{4E484995-667C-43E8-BA50-125222F7B159}.Debug|x86.ActiveCfg = Debug|Win32
		{4E484995-667C-43E8-BA50-125222F7B159}.Debug|x86.Build.0 = Debug|Win32
		{4E484995-667C-43E8-BA50-125222F7B159}.Release|x64.ActiveCfg = Release|x64
		{4E484995-667C-43E8-BA50-125222F7B159}.Release|x64.Build.0 = Release|x64
		{4E484995-667C-43E8-BA50-125222F7B159}.Release|x86.ActiveCfg = Release|Win32
		{4E484995-667C-43E8-BA50-125222F7B159}.Release|x86.Build.0 = Release|Win32
		{78D44A80-D9FB-4C8E-B1A2-20231269D8F1}.Debug|x64.ActiveCfg = Debug|x64
		{78D44A80-D9FB-4C8E-B1A2-20231269D8F1}.Debug|x64.Build.0 = Debug|x64
		{78D44A80-D9FB-4C8E-B1A2-20231269D8F1}.Debug|x86.ActiveCfg = Debug|Win32
		{78D44A80-D9FB-4C8E-B1A2-20231269D8F1}.Debug|x86.Build.0 = Debug|Win32
		{78D44A80-D9FB-4C8E-B1A2-20231269D8F1}.Release|x64.ActiveCfg = Release|x64
		{78D44A80-D9FB-4C8E-B1A2-20231269D8F1}.Release|x64.Build.0 = Release|x64
		{78D44A80-D9FB-4C8E-B1A2-20231269D8F1}.Release|x86.ActiveCfg = Release|Win32
		{78D44A80-D9FB-4C8E-B1A2-20231269D8F1}.Release|x86.Build.0 = Release|Win32
		{A8766DAC-232B-464B-A5BA-C096F43C5083}.Debug|x64.ActiveCfg = Debug|x64
		{A8766DAC-232B-464B-A5BA-C096F43C5083}.Debug|x64.Build.0 = Debug|x64
		{A8766DAC-232B-464B-A5BA-C096F43C5083}.Debug|x86.ActiveCfg = Debug|Win32
		{A8766DAC-232B-464B-A5BA-C096F43C5083}.Debug|x86.Build.0 = Debug|Win32
		{A8766DAC-232B-464B-A5BA-C096F43C5083}.Release|x64.ActiveCfg = Release|x64
		{A8766DAC-232B-464B-A5BA-C096F43C5083}.Release|x64.Build.0 = Release|x64
		{A8766DAC-232B-464B-A5BA-C096F43C5083}.Release|x86.ActiveCfg = Release|Win32
		{A8766DAC-232B-464B-A5BA-C096F43C5083}.Release|x86.Build.0 = Release|Win32
		{B7EB655F-23D9-4A5F-998F-EE9F2A73F61D}.Debug|x64.ActiveCfg = Debug|x64
		{B7EB655F-23D9-4A5F-998F-EE9F2A73F61D}.Debug|x64.Build.0 = Debug|x64
		{B7EB655F-23D9-4A5F-998F-EE9F2A73F61D}.Debug|x86.ActiveCfg = Debug|Win32
		{B7EB655F-23D9-4A5F-998F-EE9F2A73F61D}.Debug|x86.Build.0 = Debug|Win32
		{B7EB655F-23D9-4A5F-998F-EE9F2A73F61D}.Release|x64.ActiveCfg = Release|x64
		{B7EB655F-23D9-4A5F-998F-EE9F2A73F61D}.Release|x64.Build.0 = Release|x64
		{B7EB655F-23D9-4A5F-998F-EE9F2A73F61D}.Release|x86.ActiveCfg = Release|Win32
		{B7EB655F-23D9-4A5F-998F-EE9F2A73F61D}.Release|x86.Build.0 = Release|Win32
		{BC6D1852-BF2B-44EA-BD6B-FEC93888FD0A}.Debug|x64.ActiveCfg = Debug|x64
		{BC6D1852-BF2B-44EA-BD6B-FEC93888FD0A}.Debug|x64.Build.0 = Debug|x64
		{BC6D1852-BF2B-44EA-BD6B-FEC93888FD0A}.Debug|x86.ActiveCfg = Debug|Win32
		{BC6D1852-BF2B-44EA-BD6B-FEC93888FD0A}.Debug|x86.Build.0 = Debug|Win32
		{BC6D1852-BF2B-44EA-BD6B-FEC93888FD0A}.Release|x64.ActiveCfg = Release|x64
		{BC6D1852-BF2B-44EA-BD6B-FEC93888FD0A}.Release|x64.Build.0 = Release|x64
		{BC6D1852-BF2B-44EA-BD6B-FEC93888FD0A}.Release|x86.ActiveCfg = Release|Win32
		{BC6D1852-BF2B-44EA-BD6B-FEC93888FD0A}.Release|x86.Build.0 = Release|Win32
		{ACB6FF4C-1B3E-4460-8C8A-0F2C4FF4049D}.Debug|x64.ActiveCfg = Debug|x64
		{ACB6FF4C-1B3E-4460-8C8A-0F2C4FF4049D}.Debug|x64.Build.0 = Debug|x64
		{ACB6FF4C-1B3E-4460-8C8A-0F2C4FF4049D}.Debug|x86.ActiveCfg = Debug|Win32
		{ACB6FF4C-1B3E-4460-8C8A-0F2C4FF4049D}.Debug|x86.Build.0 = Debug|Win32
		{ACB6FF4C-1B3E-4460-8C8A-0F2C4FF4049D}.Release|x64.ActiveCfg = Release|x64
		{ACB6FF4C-1B3E-4460-8C8A-0F2C4FF4049D}.Release|x64.Build.0 = Release|x64
		{ACB6FF4C-1B3E-4460-8C8A-0F2C4FF4049D}.Release|x86.ActiveCfg = Release|Win32
		{ACB6FF4C-1B3E-4460-8C8A-0F2C4FF4049D}.Release|x86.Build.0 = Release|Win32
		{1A8D6508-4D68-4810-A7A2-68F4621A22EC}.Debug|x64.ActiveCfg = Debug|x64
		{1A8D6508-4D68-4810-A7A2-68F4621A22EC}.Debug|x64.Build.0 = Debug|x64
		{1A8D6508-4D68-4810-A7A2-68F4621A22EC}.Debug|x86.ActiveCfg = Debug|Win32
		{1A8D6508-4D68-4810-A7A2-68F4621A22EC}.Debug|x86.Build.0 = Debug|Win32
		{1A8D6508-4D68-4810-A7A2-68F4621A22EC}.Release|x64.ActiveCfg = Release|x64
		{1A8D6508-4D68-4810-A7A2-68F4621A22EC}.Release|x64.Build.0 = Release|x64
		{1A8D6508-4D68-4810-A7A2-68F4621A22EC}.Release|x86.ActiveCfg = Release|Win32
		{1A8D6508-4D68-4810-A7A2-68F4621A22EC}.Release|x86.Build.0 = Release|Win32
	EndGlobalSection
	GlobalSection(SolutionProperties) = preSolution
		HideSolutionNode = FALSE
	EndGlobalSection
	GlobalSection(NestedProjects) = preSolution
		{A02A8D3B-DC9C-487A-8E51-7445B59F6BEF} = {AFA82F7F-04DC-45AB-A7BB-285C9CE4FB23}
		{970ACC20-A051-4CE5-8F59-7AD7D6962B5E} = {099C9060-AAD7-4AF0-94CF-7F6E33B633A3}
		{50C63267-CE7F-431F-A8C6-830DDCA0BC78} = {099C9060-AAD7-4AF0-94CF-7F6E33B633A3}
		{4E484995-667C-43E8-BA50-125222F7B159} = {099C9060-AAD7-4AF0-94CF-7F6E33B633A3}
		{78D44A80-D9FB-4C8E-B1A2-20231269D8F1} = {099C9060-AAD7-4AF0-94CF-7F6E33B633A3}
		{A8766DAC-232B-464B-A5BA-C096F43C5083} = {2FB29CF4-8205-42EE-A01E-03F7A7E74A15}
		{B7EB655F-23D9-4A5F-998F-EE9F2A73F61D} = {2FB29CF4-8205-42EE-A01E-03F7A7E74A15}
		{BC6D1852-BF2B-44EA-BD6B-FEC93888FD0A} = {2FB29CF4-8205-42EE-A01E-03F7A7E74A15}
		{ACB6FF4C-1B3E-4460-8C8A-0F2C4FF4049D} = {2FB29CF4-8205-42EE-A01E-03F7A7E74A15}
		{1A8D6508-4D68-4810-A7A2-68F4621A22EC} = {2FB29CF4-8205-42EE-A01E-03F7A7E74A15}
	EndGlobalSection
	GlobalSection(ExtensibilityGlobals) = postSolution
		SolutionGuid = {A74A08AA-E043-4482-85C8-B5AA09B6E0A9}
	EndGlobalSection
EndGlobal
